
Microsoft Visual Studio Solution File, Format Version 12.00
# Visual Studio Version 17
VisualStudioVersion = 17.5.33516.290
MinimumVisualStudioVersion = 10.0.40219.1
Project("{2150E333-8FDC-42A3-9474-1A3956D46DE8}") = "Backend", "Backend", "{4562E4EA-1A68-4440-97E6-4889B18A9409}"
EndProject
Project("{2150E333-8FDC-42A3-9474-1A3956D46DE8}") = "Client", "Client", "{A6A89F68-501B-465D-B30B-9C1B876CE55D}"
EndProject
Project("{2150E333-8FDC-42A3-9474-1A3956D46DE8}") = "src", "src", "{009B76A9-47BA-4E8A-8A0F-6BEE64A7D31F}"
EndProject
Project("{2150E333-8FDC-42A3-9474-1A3956D46DE8}") = "test", "test", "{5B660E74-ED6C-4D50-8EDC-61C20769CCC6}"
EndProject
Project("{9A19103F-16F7-4668-BE54-9A1E7A4F7556}") = "Sigida.LoadManagment.Domain", "Backend\src\Sigida.LoadManagment.Domain\Sigida.LoadManagment.Domain.csproj", "{83CFEE28-4533-4304-A5B1-9B6F97157521}"
EndProject
Project("{9A19103F-16F7-4668-BE54-9A1E7A4F7556}") = "Sigida.LoadManagment.Application", "Backend\src\Sigida.LoadManagment.Application\Sigida.LoadManagment.Application.csproj", "{27A5B18F-DAD1-43C0-B72B-2742C6686171}"
EndProject
Project("{9A19103F-16F7-4668-BE54-9A1E7A4F7556}") = "Sigida.LoadManagment.Infrastructure", "Backend\src\Sigida.LoadManagment.Infrastructure\Sigida.LoadManagment.Infrastructure.csproj", "{32A952D4-B010-442B-91ED-9CF4C4DD221F}"
EndProject
Project("{9A19103F-16F7-4668-BE54-9A1E7A4F7556}") = "Sigida.LoadManagment.Unit", "Backend\test\Sigida.LoadManagment.Unit\Sigida.LoadManagment.Unit.csproj", "{D01BC588-66F8-4A08-8CFF-30B98485F6EB}"
EndProject
Project("{9A19103F-16F7-4668-BE54-9A1E7A4F7556}") = "Sigida.LoadManagment.Web", "Backend\src\Sigida.LoadManagment.Web\Sigida.LoadManagment.Web.csproj", "{0C989AF5-07B3-443F-BC0F-F0C96469C28E}"
EndProject
Project("{9A19103F-16F7-4668-BE54-9A1E7A4F7556}") = "Sigida.LoadManagment.Blazor", "Client\Sigida.LoadManagment.Blazor\Sigida.LoadManagment.Blazor.csproj", "{749640FC-1F17-4144-A300-302F99628737}"
EndProject
Project("{9A19103F-16F7-4668-BE54-9A1E7A4F7556}") = "Sigida.LoadManagment.Services", "Client\Sigida.LoadManagment.Services\Sigida.LoadManagment.Services.csproj", "{4E404D15-14D0-4A76-8B18-E105844CBF58}"
EndProject
Project("{9A19103F-16F7-4668-BE54-9A1E7A4F7556}") = "Sigida.LoadManagment.Shared", "Client\Sigida.LoadManagment.Shared\Sigida.LoadManagment.Shared.csproj", "{BC1FBF73-BDA4-4021-A0FC-5D40C83DF65C}"
EndProject
Global
	GlobalSection(SolutionConfigurationPlatforms) = preSolution
		Debug|Any CPU = Debug|Any CPU
		Release|Any CPU = Release|Any CPU
	EndGlobalSection
	GlobalSection(ProjectConfigurationPlatforms) = postSolution
		{83CFEE28-4533-4304-A5B1-9B6F97157521}.Debug|Any CPU.ActiveCfg = Debug|Any CPU
		{83CFEE28-4533-4304-A5B1-9B6F97157521}.Debug|Any CPU.Build.0 = Debug|Any CPU
		{83CFEE28-4533-4304-A5B1-9B6F97157521}.Release|Any CPU.ActiveCfg = Release|Any CPU
		{83CFEE28-4533-4304-A5B1-9B6F97157521}.Release|Any CPU.Build.0 = Release|Any CPU
		{27A5B18F-DAD1-43C0-B72B-2742C6686171}.Debug|Any CPU.ActiveCfg = Debug|Any CPU
		{27A5B18F-DAD1-43C0-B72B-2742C6686171}.Debug|Any CPU.Build.0 = Debug|Any CPU
		{27A5B18F-DAD1-43C0-B72B-2742C6686171}.Release|Any CPU.ActiveCfg = Release|Any CPU
		{27A5B18F-DAD1-43C0-B72B-2742C6686171}.Release|Any CPU.Build.0 = Release|Any CPU
		{32A952D4-B010-442B-91ED-9CF4C4DD221F}.Debug|Any CPU.ActiveCfg = Debug|Any CPU
		{32A952D4-B010-442B-91ED-9CF4C4DD221F}.Debug|Any CPU.Build.0 = Debug|Any CPU
		{32A952D4-B010-442B-91ED-9CF4C4DD221F}.Release|Any CPU.ActiveCfg = Release|Any CPU
		{32A952D4-B010-442B-91ED-9CF4C4DD221F}.Release|Any CPU.Build.0 = Release|Any CPU
		{D01BC588-66F8-4A08-8CFF-30B98485F6EB}.Debug|Any CPU.ActiveCfg = Debug|Any CPU
		{D01BC588-66F8-4A08-8CFF-30B98485F6EB}.Debug|Any CPU.Build.0 = Debug|Any CPU
		{D01BC588-66F8-4A08-8CFF-30B98485F6EB}.Release|Any CPU.ActiveCfg = Release|Any CPU
		{D01BC588-66F8-4A08-8CFF-30B98485F6EB}.Release|Any CPU.Build.0 = Release|Any CPU
		{0C989AF5-07B3-443F-BC0F-F0C96469C28E}.Debug|Any CPU.ActiveCfg = Debug|Any CPU
		{0C989AF5-07B3-443F-BC0F-F0C96469C28E}.Debug|Any CPU.Build.0 = Debug|Any CPU
		{0C989AF5-07B3-443F-BC0F-F0C96469C28E}.Release|Any CPU.ActiveCfg = Release|Any CPU
		{0C989AF5-07B3-443F-BC0F-F0C96469C28E}.Release|Any CPU.Build.0 = Release|Any CPU
		{749640FC-1F17-4144-A300-302F99628737}.Debug|Any CPU.ActiveCfg = Debug|Any CPU
		{749640FC-1F17-4144-A300-302F99628737}.Debug|Any CPU.Build.0 = Debug|Any CPU
		{749640FC-1F17-4144-A300-302F99628737}.Release|Any CPU.ActiveCfg = Release|Any CPU
		{749640FC-1F17-4144-A300-302F99628737}.Release|Any CPU.Build.0 = Release|Any CPU
		{4E404D15-14D0-4A76-8B18-E105844CBF58}.Debug|Any CPU.ActiveCfg = Debug|Any CPU
		{4E404D15-14D0-4A76-8B18-E105844CBF58}.Debug|Any CPU.Build.0 = Debug|Any CPU
		{4E404D15-14D0-4A76-8B18-E105844CBF58}.Release|Any CPU.ActiveCfg = Release|Any CPU
		{4E404D15-14D0-4A76-8B18-E105844CBF58}.Release|Any CPU.Build.0 = Release|Any CPU
		{BC1FBF73-BDA4-4021-A0FC-5D40C83DF65C}.Debug|Any CPU.ActiveCfg = Debug|Any CPU
		{BC1FBF73-BDA4-4021-A0FC-5D40C83DF65C}.Debug|Any CPU.Build.0 = Debug|Any CPU
		{BC1FBF73-BDA4-4021-A0FC-5D40C83DF65C}.Release|Any CPU.ActiveCfg = Release|Any CPU
		{BC1FBF73-BDA4-4021-A0FC-5D40C83DF65C}.Release|Any CPU.Build.0 = Release|Any CPU
	EndGlobalSection
	GlobalSection(SolutionProperties) = preSolution
		HideSolutionNode = FALSE
	EndGlobalSection
	GlobalSection(NestedProjects) = preSolution
		{009B76A9-47BA-4E8A-8A0F-6BEE64A7D31F} = {4562E4EA-1A68-4440-97E6-4889B18A9409}
		{5B660E74-ED6C-4D50-8EDC-61C20769CCC6} = {4562E4EA-1A68-4440-97E6-4889B18A9409}
		{83CFEE28-4533-4304-A5B1-9B6F97157521} = {009B76A9-47BA-4E8A-8A0F-6BEE64A7D31F}
		{27A5B18F-DAD1-43C0-B72B-2742C6686171} = {009B76A9-47BA-4E8A-8A0F-6BEE64A7D31F}
		{32A952D4-B010-442B-91ED-9CF4C4DD221F} = {009B76A9-47BA-4E8A-8A0F-6BEE64A7D31F}
		{D01BC588-66F8-4A08-8CFF-30B98485F6EB} = {5B660E74-ED6C-4D50-8EDC-61C20769CCC6}
		{0C989AF5-07B3-443F-BC0F-F0C96469C28E} = {009B76A9-47BA-4E8A-8A0F-6BEE64A7D31F}
		{749640FC-1F17-4144-A300-302F99628737} = {A6A89F68-501B-465D-B30B-9C1B876CE55D}
		{4E404D15-14D0-4A76-8B18-E105844CBF58} = {A6A89F68-501B-465D-B30B-9C1B876CE55D}
		{BC1FBF73-BDA4-4021-A0FC-5D40C83DF65C} = {A6A89F68-501B-465D-B30B-9C1B876CE55D}
	EndGlobalSection
	GlobalSection(ExtensibilityGlobals) = postSolution
		SolutionGuid = {59E511E4-28F3-4EF9-93BD-78F2BB6A2310}
	EndGlobalSection
EndGlobal
